# This file is automatically @generated by Poetry 1.5.1 and should not be changed by hand.

[[package]]
name = "ass-parser"
version = "1.0"
description = "\"Parse ASS subtitle format.\""
optional = false
python-versions = ">=3.9"
files = [
    {file = "ass_parser-1.0.tar.gz", hash = "sha256:1b1fb759e9129b1fa21f8bb99552daac1411862238951ea9279450449c082754"},
]

[package.extras]
test = ["black", "pytest"]

[[package]]
name = "ass-tag-parser"
version = "2.4"
description = "\"Parse ASS subtitle format tags markup.\""
optional = false
python-versions = ">=3.9"
files = [
    {file = "ass_tag_parser-2.4.tar.gz", hash = "sha256:a4e7033fae375d6a0cbdbb3819bdf91f4901deef076f95f26c72bcdc47619892"},
]

[package.extras]
test = ["black", "pytest"]

[[package]]
name = "colorama"
version = "0.4.1"
description = "Cross-platform colored terminal text."
optional = false
python-versions = ">=2.7, !=3.0.*, !=3.1.*, !=3.2.*, !=3.3.*"
files = [
    {file = "colorama-0.4.1-py2.py3-none-any.whl", hash = "sha256:f8ac84de7840f5b9c4e3347b3c1eaa50f7e49c2b07596221daec5edaabbd7c48"},
    {file = "colorama-0.4.1.tar.gz", hash = "sha256:05eed71e2e327246ad6b38c540c4a3117230b19679b875190486ddd2d721422d"},
]

[[package]]
name = "fonttools"
version = "3.44.0"
description = "Tools to manipulate font files"
optional = false
python-versions = "*"
files = [
    {file = "fonttools-3.44.0-py2.py3-none-any.whl", hash = "sha256:5b2830a3dbe3a3a60e74203bd86860af05fca80e94c6a9910b83fbba099a475a"},
    {file = "fonttools-3.44.0.zip", hash = "sha256:b72cc654e07219d8d7d8c624d1af13cec6f6cc2a51189f8385c295725e4ac36c"},
]

[package.extras]
all = ["brotli (>=1.0.1)", "brotlipy (>=0.7.0)", "enum34 (>=1.1.6)", "fs (>=2.2.0,<3)", "lxml (>=4.0,<5)", "lz4 (>=1.7.4.2)", "matplotlib", "munkres", "scipy", "singledispatch (>=3.4.0.3)", "sympy", "typing (>=3.6.4)", "unicodedata2 (>=12.0.0)", "xattr", "zopfli (>=0.1.4)"]
graphite = ["lz4 (>=1.7.4.2)"]
interpolatable = ["munkres", "scipy"]
lxml = ["lxml (>=4.0,<5)", "singledispatch (>=3.4.0.3)", "typing (>=3.6.4)"]
plot = ["matplotlib"]
symfont = ["sympy"]
type1 = ["xattr"]
ufo = ["enum34 (>=1.1.6)", "fs (>=2.2.0,<3)"]
unicode = ["unicodedata2 (>=12.0.0)"]
woff = ["brotli (>=1.0.1)", "brotlipy (>=0.7.0)", "zopfli (>=0.1.4)"]

[[package]]
name = "gitdb"
version = "4.0.10"
description = "Git Object Database"
optional = false
python-versions = ">=3.7"
files = [
    {file = "gitdb-4.0.10-py3-none-any.whl", hash = "sha256:c286cf298426064079ed96a9e4a9d39e7f3e9bf15ba60701e95f5492f28415c7"},
    {file = "gitdb-4.0.10.tar.gz", hash = "sha256:6eb990b69df4e15bad899ea868dc46572c3f75339735663b81de79b06f17eb9a"},
]

[package.dependencies]
smmap = ">=3.0.1,<6"

[[package]]
name = "gitpython"
version = "3.1.32"
description = "GitPython is a Python library used to interact with Git repositories"
optional = false
python-versions = ">=3.7"
files = [
    {file = "GitPython-3.1.32-py3-none-any.whl", hash = "sha256:e3d59b1c2c6ebb9dfa7a184daf3b6dd4914237e7488a1730a6d8f6f5d0b4187f"},
    {file = "GitPython-3.1.32.tar.gz", hash = "sha256:8d9b8cb1e80b9735e8717c9362079d3ce4c6e5ddeebedd0361b228c3a67a62f6"},
]

[package.dependencies]
gitdb = ">=4.0.1,<5"

[[package]]
name = "humanfriendly"
version = "6.1"
description = "Human friendly output for text interfaces using Python"
optional = false
python-versions = "*"
files = [
    {file = "humanfriendly-6.1-py2.py3-none-any.whl", hash = "sha256:5a57c973dd28a24f45ab723521c84b111fbe79e9d9fcdca6f9aeb668c18a0f40"},
    {file = "humanfriendly-6.1.tar.gz", hash = "sha256:b77d1aa8d73b6fe7e8860fa516fbc0e2aa85bff159d7525b0213353817cf1cfc"},
]

[package.dependencies]
pyreadline = {version = "*", markers = "sys_platform == \"win32\""}

[[package]]
name = "pyreadline"
version = "2.1"
description = "A python implmementation of GNU readline."
optional = false
python-versions = "*"
files = [
    {file = "pyreadline-2.1.zip", hash = "sha256:4530592fc2e85b25b1a9f79664433da09237c1a270e4d78ea5aa3a2c7229e2d1"},
]

[[package]]
name = "pysubs2"
version = "1.3.1"
description = "A library for editing subtitle files"
optional = false
python-versions = ">=3.7"
files = [
    {file = "pysubs2-1.3.1-py3-none-any.whl", hash = "sha256:2240d0e1fc1b6eb47f7ed0a2f0909ab5306d31689328d0a1025dba1bbd3f28a3"},
    {file = "pysubs2-1.3.1.tar.gz", hash = "sha256:d964c18bf451fcd2cef65456af2e9c1880a437389e92d1c90fa727553c95418d"},
]

[[package]]
name = "smmap"
version = "3.0.5"
description = "A pure Python implementation of a sliding window memory map manager"
optional = false
python-versions = ">=2.7, !=3.0.*, !=3.1.*, !=3.2.*, !=3.3.*"
files = [
    {file = "smmap-3.0.5-py2.py3-none-any.whl", hash = "sha256:7bfcf367828031dc893530a29cb35eb8c8f2d7c8f2d0989354d75d24c8573714"},
    {file = "smmap-3.0.5.tar.gz", hash = "sha256:84c2751ef3072d4f6b2785ec7ee40244c6f45eb934d9e543e2c51f1bd3d54c50"},
]

[[package]]
name = "xdg"
version = "3.0.2"
description = "Variables defined by the XDG Base Directory Specification"
optional = false
python-versions = "*"
files = [
    {file = "xdg-3.0.2-py2.py3-none-any.whl", hash = "sha256:1436ed336bdb9e5bede813eb590dd6a67d21f78b16aba1f5ba646b976225652e"},
    {file = "xdg-3.0.2.tar.gz", hash = "sha256:7ce9fc52cee0f8e31d0beb0f29e102f23725c0c470aee447d907e1999ffda7b7"},
]

[metadata]
lock-version = "2.0"
python-versions = ">=3.9"
content-hash = "eb3e35f6f395df14dc0cf5445f0a31b990643046b7906e9968011a491968c356"
